{
  "name": "SAE402",
  "lockfileVersion": 3,
  "requires": true,
  "packages": {
    "": {
      "dependencies": {
        "gltfloader": "github:codeurdenuit/GLTFLoader#main"
      }
    },
    "node_modules/gltfloader": {
      "version": "1.0.0",
      "resolved": "git+ssh://git@github.com/codeurdenuit/GLTFLoader.git#8e382df8c0cb7427890794ee2ebf716c0b86f850",
      "license": "ISC"
    }
  }
}
